
Microsoft Visual Studio Solution File, Format Version 12.00
# Visual Studio Version 17
VisualStudioVersion = 17.4.33213.308
MinimumVisualStudioVersion = 10.0.40219.1
Project("{FAE04EC0-301F-11D3-BF4B-00C04F79EFBC}") = "ProyectoLogin", "ProyectoLogin\ProyectoLogin.csproj", "{00317F61-2D20-40E7-A92E-D1F7ACFD9708}"
EndProject
Project("{FAE04EC0-301F-11D3-BF4B-00C04F79EFBC}") = "Entidades", "Entidades\Entidades.csproj", "{0B6CEC56-C76F-4122-90A6-67231C75C6BA}"
EndProject
Project("{FAE04EC0-301F-11D3-BF4B-00C04F79EFBC}") = "Datos", "Datos\Datos.csproj", "{9E60D816-1826-4FAF-A867-5A4DD9C1189B}"
EndProject
Global
	GlobalSection(SolutionConfigurationPlatforms) = preSolution
		Debug|Any CPU = Debug|Any CPU
		Release|Any CPU = Release|Any CPU
	EndGlobalSection
	GlobalSection(ProjectConfigurationPlatforms) = postSolution
		{00317F61-2D20-40E7-A92E-D1F7ACFD9708}.Debug|Any CPU.ActiveCfg = Debug|Any CPU
		{00317F61-2D20-40E7-A92E-D1F7ACFD9708}.Debug|Any CPU.Build.0 = Debug|Any CPU
		{00317F61-2D20-40E7-A92E-D1F7ACFD9708}.Release|Any CPU.ActiveCfg = Release|Any CPU
		{00317F61-2D20-40E7-A92E-D1F7ACFD9708}.Release|Any CPU.Build.0 = Release|Any CPU
		{0B6CEC56-C76F-4122-90A6-67231C75C6BA}.Debug|Any CPU.ActiveCfg = Debug|Any CPU
		{0B6CEC56-C76F-4122-90A6-67231C75C6BA}.Debug|Any CPU.Build.0 = Debug|Any CPU
		{0B6CEC56-C76F-4122-90A6-67231C75C6BA}.Release|Any CPU.ActiveCfg = Release|Any CPU
		{0B6CEC56-C76F-4122-90A6-67231C75C6BA}.Release|Any CPU.Build.0 = Release|Any CPU
		{9E60D816-1826-4FAF-A867-5A4DD9C1189B}.Debug|Any CPU.ActiveCfg = Debug|Any CPU
		{9E60D816-1826-4FAF-A867-5A4DD9C1189B}.Debug|Any CPU.Build.0 = Debug|Any CPU
		{9E60D816-1826-4FAF-A867-5A4DD9C1189B}.Release|Any CPU.ActiveCfg = Release|Any CPU
		{9E60D816-1826-4FAF-A867-5A4DD9C1189B}.Release|Any CPU.Build.0 = Release|Any CPU
	EndGlobalSection
	GlobalSection(SolutionProperties) = preSolution
		HideSolutionNode = FALSE
	EndGlobalSection
	GlobalSection(ExtensibilityGlobals) = postSolution
		SolutionGuid = {22E3C52F-8642-4C21-87D6-13B785EEA758}
	EndGlobalSection
EndGlobal
